PODS:
  - Crashlytics (3.10.9):
    - Fabric (~> 1.7.13)
  - Fabric (1.7.13)

DEPENDENCIES:
  - Crashlytics
  - Fabric

SPEC REPOS:
  https://github.com/cocoapods/specs.git:
    - Crashlytics
    - Fabric

SPEC CHECKSUMS:
  Crashlytics: 55e24fc23989680285a21cb1146578d9d18e432c
  Fabric: 25d0963b691fc97be566392243ff0ecef5a68338

PODFILE CHECKSUM: 1536be24fb90d60e7802f294a56526a670129266

COCOAPODS: 1.5.3
