// !$*UTF8*$!
{
	archiveVersion = 1;
	classes = {
	};
	objectVersion = 50;
	objects = {

/* Begin PBXBuildFile section */
		1D8F0E872190F87D00FFEBD8 /* EditProfileViewController.swift in Sources */ = {isa = PBXBuildFile; fileRef = 1D8F0E862190F87D00FFEBD8 /* EditProfileViewController.swift */; };
		1D988191218CC2EE003A1400 /* AppDelegate.swift in Sources */ = {isa = PBXBuildFile; fileRef = 1D988190218CC2EE003A1400 /* AppDelegate.swift */; };
		1D988198218CC2EF003A1400 /* Assets.xcassets in Resources */ = {isa = PBXBuildFile; fileRef = 1D988197218CC2EF003A1400 /* Assets.xcassets */; };
		1D98819B218CC2EF003A1400 /* LaunchScreen.storyboard in Resources */ = {isa = PBXBuildFile; fileRef = 1D988199218CC2EF003A1400 /* LaunchScreen.storyboard */; };
		1D9881A8218CCAFC003A1400 /* SnapKit.framework in Frameworks */ = {isa = PBXBuildFile; fileRef = 1D9881A7218CCAFC003A1400 /* SnapKit.framework */; };
		1D9881AA218CD4BD003A1400 /* ProfileViewController.swift in Sources */ = {isa = PBXBuildFile; fileRef = 1D9881A9218CD4BD003A1400 /* ProfileViewController.swift */; };
		1D9881AD218DA66A003A1400 /* UIColorExtension.swift in Sources */ = {isa = PBXBuildFile; fileRef = 1D9881AC218DA66A003A1400 /* UIColorExtension.swift */; };
		1D9881AF218DA68F003A1400 /* UILabelLetterSpacingExtension.swift in Sources */ = {isa = PBXBuildFile; fileRef = 1D9881AE218DA68F003A1400 /* UILabelLetterSpacingExtension.swift */; };
		1D9881B1218DA6BB003A1400 /* UITextFieldExtension.swift in Sources */ = {isa = PBXBuildFile; fileRef = 1D9881B0218DA6BB003A1400 /* UITextFieldExtension.swift */; };
		1D9881B5218DCDD2003A1400 /* TypeViewCell.swift in Sources */ = {isa = PBXBuildFile; fileRef = 1D9881B4218DCDD2003A1400 /* TypeViewCell.swift */; };
		1DEC08A6219212F800C37047 /* UIFontExtension.swift in Sources */ = {isa = PBXBuildFile; fileRef = 1DEC08A5219212F800C37047 /* UIFontExtension.swift */; };
		65B061016AB6E104045339F5 /* Pods_WorkoutAppSnapKit.framework in Frameworks */ = {isa = PBXBuildFile; fileRef = 7DB697E3B6F41BCE9D497269 /* Pods_WorkoutAppSnapKit.framework */; };
/* End PBXBuildFile section */

/* Begin PBXFileReference section */
		1D8F0E862190F87D00FFEBD8 /* EditProfileViewController.swift */ = {isa = PBXFileReference; lastKnownFileType = sourcecode.swift; path = EditProfileViewController.swift; sourceTree = "<group>"; };
		1D98818D218CC2EE003A1400 /* WorkoutAppSnapKit.app */ = {isa = PBXFileReference; explicitFileType = wrapper.application; includeInIndex = 0; path = WorkoutAppSnapKit.app; sourceTree = BUILT_PRODUCTS_DIR; };
		1D988190218CC2EE003A1400 /* AppDelegate.swift */ = {isa = PBXFileReference; lastKnownFileType = sourcecode.swift; path = AppDelegate.swift; sourceTree = "<group>"; };
		1D988197218CC2EF003A1400 /* Assets.xcassets */ = {isa = PBXFileReference; lastKnownFileType = folder.assetcatalog; path = Assets.xcassets; sourceTree = "<group>"; };
		1D98819A218CC2EF003A1400 /* Base */ = {isa = PBXFileReference; lastKnownFileType = file.storyboard; name = Base; path = Base.lproj/LaunchScreen.storyboard; sourceTree = "<group>"; };
		1D98819C218CC2EF003A1400 /* Info.plist */ = {isa = PBXFileReference; lastKnownFileType = text.plist.xml; path = Info.plist; sourceTree = "<group>"; };
		1D9881A4218CC5A2003A1400 /* SnapKit.framework */ = {isa = PBXFileReference; lastKnownFileType = wrapper.framework; name = SnapKit.framework; path = Carthage/Build/Mac/SnapKit.framework; sourceTree = "<group>"; };
		1D9881A7218CCAFC003A1400 /* SnapKit.framework */ = {isa = PBXFileReference; lastKnownFileType = wrapper.framework; name = SnapKit.framework; path = Carthage/Build/iOS/SnapKit.framework; sourceTree = "<group>"; };
		1D9881A9218CD4BD003A1400 /* ProfileViewController.swift */ = {isa = PBXFileReference; lastKnownFileType = sourcecode.swift; path = ProfileViewController.swift; sourceTree = "<group>"; };
		1D9881AC218DA66A003A1400 /* UIColorExtension.swift */ = {isa = PBXFileReference; lastKnownFileType = sourcecode.swift; path = UIColorExtension.swift; sourceTree = "<group>"; };
		1D9881AE218DA68F003A1400 /* UILabelLetterSpacingExtension.swift */ = {isa = PBXFileReference; lastKnownFileType = sourcecode.swift; path = UILabelLetterSpacingExtension.swift; sourceTree = "<group>"; };
		1D9881B0218DA6BB003A1400 /* UITextFieldExtension.swift */ = {isa = PBXFileReference; lastKnownFileType = sourcecode.swift; path = UITextFieldExtension.swift; sourceTree = "<group>"; };
		1D9881B4218DCDD2003A1400 /* TypeViewCell.swift */ = {isa = PBXFileReference; lastKnownFileType = sourcecode.swift; path = TypeViewCell.swift; sourceTree = "<group>"; };
		1DEC08A5219212F800C37047 /* UIFontExtension.swift */ = {isa = PBXFileReference; lastKnownFileType = sourcecode.swift; path = UIFontExtension.swift; sourceTree = "<group>"; };
		65B901CCBBC89E8C1495BBDA /* Pods-WorkoutAppSnapKit.debug.xcconfig */ = {isa = PBXFileReference; includeInIndex = 1; lastKnownFileType = text.xcconfig; name = "Pods-WorkoutAppSnapKit.debug.xcconfig"; path = "Pods/Target Support Files/Pods-WorkoutAppSnapKit/Pods-WorkoutAppSnapKit.debug.xcconfig"; sourceTree = "<group>"; };
		7C7E77F840CAEDD7B1E706B3 /* Pods-WorkoutAppSnapKit.release.xcconfig */ = {isa = PBXFileReference; includeInIndex = 1; lastKnownFileType = text.xcconfig; name = "Pods-WorkoutAppSnapKit.release.xcconfig"; path = "Pods/Target Support Files/Pods-WorkoutAppSnapKit/Pods-WorkoutAppSnapKit.release.xcconfig"; sourceTree = "<group>"; };
		7DB697E3B6F41BCE9D497269 /* Pods_WorkoutAppSnapKit.framework */ = {isa = PBXFileReference; explicitFileType = wrapper.framework; includeInIndex = 0; path = Pods_WorkoutAppSnapKit.framework; sourceTree = BUILT_PRODUCTS_DIR; };
/* End PBXFileReference section */

/* Begin PBXFrameworksBuildPhase section */
		1D98818A218CC2EE003A1400 /* Frameworks */ = {
			isa = PBXFrameworksBuildPhase;
			buildActionMask = 2147483647;
			files = (
				1D9881A8218CCAFC003A1400 /* SnapKit.framework in Frameworks */,
				65B061016AB6E104045339F5 /* Pods_WorkoutAppSnapKit.framework in Frameworks */,
			);
			runOnlyForDeploymentPostprocessing = 0;
		};
/* End PBXFrameworksBuildPhase section */

/* Begin PBXGroup section */
		1D988184218CC2EE003A1400 = {
			isa = PBXGroup;
			children = (
				1D98818F218CC2EE003A1400 /* WorkoutAppSnapKit */,
				1D98818E218CC2EE003A1400 /* Products */,
				1D9881A3218CC5A2003A1400 /* Frameworks */,
				C47D88CB0268D87FDF79FF16 /* Pods */,
			);
			sourceTree = "<group>";
		};
		1D98818E218CC2EE003A1400 /* Products */ = {
			isa = PBXGroup;
			children = (
				1D98818D218CC2EE003A1400 /* WorkoutAppSnapKit.app */,
			);
			name = Products;
			sourceTree = "<group>";
		};
		1D98818F218CC2EE003A1400 /* WorkoutAppSnapKit */ = {
			isa = PBXGroup;
			children = (
				1D9881AB218CE297003A1400 /* Extensions */,
				1D988190218CC2EE003A1400 /* AppDelegate.swift */,
				1D988197218CC2EF003A1400 /* Assets.xcassets */,
				1D988199218CC2EF003A1400 /* LaunchScreen.storyboard */,
				1D98819C218CC2EF003A1400 /* Info.plist */,
				1D9881A9218CD4BD003A1400 /* ProfileViewController.swift */,
				1D9881B4218DCDD2003A1400 /* TypeViewCell.swift */,
				1D8F0E862190F87D00FFEBD8 /* EditProfileViewController.swift */,
			);
			path = WorkoutAppSnapKit;
			sourceTree = "<group>";
		};
		1D9881A3218CC5A2003A1400 /* Frameworks */ = {
			isa = PBXGroup;
			children = (
				1D9881A7218CCAFC003A1400 /* SnapKit.framework */,
				1D9881A4218CC5A2003A1400 /* SnapKit.framework */,
				7DB697E3B6F41BCE9D497269 /* Pods_WorkoutAppSnapKit.framework */,
			);
			name = Frameworks;
			sourceTree = "<group>";
		};
		1D9881AB218CE297003A1400 /* Extensions */ = {
			isa = PBXGroup;
			children = (
				1D9881AC218DA66A003A1400 /* UIColorExtension.swift */,
				1D9881AE218DA68F003A1400 /* UILabelLetterSpacingExtension.swift */,
				1D9881B0218DA6BB003A1400 /* UITextFieldExtension.swift */,
				1DEC08A5219212F800C37047 /* UIFontExtension.swift */,
			);
			path = Extensions;
			sourceTree = "<group>";
		};
		C47D88CB0268D87FDF79FF16 /* Pods */ = {
			isa = PBXGroup;
			children = (
				65B901CCBBC89E8C1495BBDA /* Pods-WorkoutAppSnapKit.debug.xcconfig */,
				7C7E77F840CAEDD7B1E706B3 /* Pods-WorkoutAppSnapKit.release.xcconfig */,
			);
			name = Pods;
			sourceTree = "<group>";
		};
/* End PBXGroup section */

/* Begin PBXNativeTarget section */
		1D98818C218CC2EE003A1400 /* WorkoutAppSnapKit */ = {
			isa = PBXNativeTarget;
			buildConfigurationList = 1D98819F218CC2EF003A1400 /* Build configuration list for PBXNativeTarget "WorkoutAppSnapKit" */;
			buildPhases = (
				806D92BF41FCCFC7865FCCBD /* [CP] Check Pods Manifest.lock */,
				1D988189218CC2EE003A1400 /* Sources */,
				1D98818A218CC2EE003A1400 /* Frameworks */,
				1D98818B218CC2EE003A1400 /* Resources */,
				1D9881A2218CC37C003A1400 /* ShellScript */,
				1D9881A6218CC5B7003A1400 /* ShellScript */,
				F6FA430D219480CF00381720 /* Crashlytics */,
			);
			buildRules = (
			);
			dependencies = (
			);
			name = WorkoutAppSnapKit;
			productName = WorkoutAppSnapKit;
			productReference = 1D98818D218CC2EE003A1400 /* WorkoutAppSnapKit.app */;
			productType = "com.apple.product-type.application";
		};
/* End PBXNativeTarget section */

/* Begin PBXProject section */
		1D988185218CC2EE003A1400 /* Project object */ = {
			isa = PBXProject;
			attributes = {
				LastSwiftUpdateCheck = 1010;
				LastUpgradeCheck = 1010;
				ORGANIZATIONNAME = "Josip Glasovac";
				TargetAttributes = {
					1D98818C218CC2EE003A1400 = {
						CreatedOnToolsVersion = 10.1;
					};
				};
			};
			buildConfigurationList = 1D988188218CC2EE003A1400 /* Build configuration list for PBXProject "WorkoutAppSnapKit" */;
			compatibilityVersion = "Xcode 9.3";
			developmentRegion = en;
			hasScannedForEncodings = 0;
			knownRegions = (
				en,
				Base,
			);
			mainGroup = 1D988184218CC2EE003A1400;
			productRefGroup = 1D98818E218CC2EE003A1400 /* Products */;
			projectDirPath = "";
			projectRoot = "";
			targets = (
				1D98818C218CC2EE003A1400 /* WorkoutAppSnapKit */,
			);
		};
/* End PBXProject section */

/* Begin PBXResourcesBuildPhase section */
		1D98818B218CC2EE003A1400 /* Resources */ = {
			isa = PBXResourcesBuildPhase;
			buildActionMask = 2147483647;
			files = (
				1D98819B218CC2EF003A1400 /* LaunchScreen.storyboard in Resources */,
				1D988198218CC2EF003A1400 /* Assets.xcassets in Resources */,
			);
			runOnlyForDeploymentPostprocessing = 0;
		};
/* End PBXResourcesBuildPhase section */

/* Begin PBXShellScriptBuildPhase section */
		1D9881A2218CC37C003A1400 /* ShellScript */ = {
			isa = PBXShellScriptBuildPhase;
			buildActionMask = 2147483647;
			files = (
			);
			inputFileListPaths = (
			);
			inputPaths = (
			);
			outputFileListPaths = (
			);
			outputPaths = (
			);
			runOnlyForDeploymentPostprocessing = 0;
			shellPath = /bin/sh;
			shellScript = "if which swiftlint >/dev/null; then\nswiftlint\nelse\necho \"warning: SwiftLint not installed, download from https://github.com/realm/SwiftLint\"\nfi\n";
		};
		1D9881A6218CC5B7003A1400 /* ShellScript */ = {
			isa = PBXShellScriptBuildPhase;
			buildActionMask = 2147483647;
			files = (
			);
			inputFileListPaths = (
			);
			inputPaths = (
				"$(SRCROOT)/Carthage/Build/iOS/SnapKit.framework",
			);
			outputFileListPaths = (
			);
			outputPaths = (
				"$(BUILT_PRODUCTS_DIR)/$(FRAMEWORKS_FOLDER_PATH)/SnapKit.framework",
			);
			runOnlyForDeploymentPostprocessing = 0;
			shellPath = /bin/sh;
			shellScript = "/usr/local/bin/carthage copy-frameworks\n";
		};
		806D92BF41FCCFC7865FCCBD /* [CP] Check Pods Manifest.lock */ = {
			isa = PBXShellScriptBuildPhase;
			buildActionMask = 2147483647;
			files = (
			);
			inputFileListPaths = (
			);
			inputPaths = (
				"${PODS_PODFILE_DIR_PATH}/Podfile.lock",
				"${PODS_ROOT}/Manifest.lock",
			);
			name = "[CP] Check Pods Manifest.lock";
			outputFileListPaths = (
			);
			outputPaths = (
				"$(DERIVED_FILE_DIR)/Pods-WorkoutAppSnapKit-checkManifestLockResult.txt",
			);
			runOnlyForDeploymentPostprocessing = 0;
			shellPath = /bin/sh;
			shellScript = "diff \"${PODS_PODFILE_DIR_PATH}/Podfile.lock\" \"${PODS_ROOT}/Manifest.lock\" > /dev/null\nif [ $? != 0 ] ; then\n    # print error to STDERR\n    echo \"error: The sandbox is not in sync with the Podfile.lock. Run 'pod install' or update your CocoaPods installation.\" >&2\n    exit 1\nfi\n# This output is used by Xcode 'outputs' to avoid re-running this script phase.\necho \"SUCCESS\" > \"${SCRIPT_OUTPUT_FILE_0}\"\n";
			showEnvVarsInLog = 0;
		};
		F6FA430D219480CF00381720 /* Crashlytics */ = {
			isa = PBXShellScriptBuildPhase;
			buildActionMask = 2147483647;
			files = (
			);
			inputFileListPaths = (
			);
			inputPaths = (
			);
			name = Crashlytics;
			outputFileListPaths = (
			);
			outputPaths = (
			);
			runOnlyForDeploymentPostprocessing = 0;
			shellPath = /bin/sh;
			shellScript = "\"${PODS_ROOT}/Fabric/run\" 002d1e80e7bf3a300de583f69a92347342fc38a9 e3df1c13235f9dab0dc7accc866329608184f2134ce261febd9bf33b9940b592\n";
		};
/* End PBXShellScriptBuildPhase section */

/* Begin PBXSourcesBuildPhase section */
		1D988189218CC2EE003A1400 /* Sources */ = {
			isa = PBXSourcesBuildPhase;
			buildActionMask = 2147483647;
			files = (
				1D9881B1218DA6BB003A1400 /* UITextFieldExtension.swift in Sources */,
				1D9881AA218CD4BD003A1400 /* ProfileViewController.swift in Sources */,
				1DEC08A6219212F800C37047 /* UIFontExtension.swift in Sources */,
				1D9881B5218DCDD2003A1400 /* TypeViewCell.swift in Sources */,
				1D988191218CC2EE003A1400 /* AppDelegate.swift in Sources */,
				1D9881AF218DA68F003A1400 /* UILabelLetterSpacingExtension.swift in Sources */,
				1D9881AD218DA66A003A1400 /* UIColorExtension.swift in Sources */,
				1D8F0E872190F87D00FFEBD8 /* EditProfileViewController.swift in Sources */,
			);
			runOnlyForDeploymentPostprocessing = 0;
		};
/* End PBXSourcesBuildPhase section */

/* Begin PBXVariantGroup section */
		1D988199218CC2EF003A1400 /* LaunchScreen.storyboard */ = {
			isa = PBXVariantGroup;
			children = (
				1D98819A218CC2EF003A1400 /* Base */,
			);
			name = LaunchScreen.storyboard;
			sourceTree = "<group>";
		};
/* End PBXVariantGroup section */

/* Begin XCBuildConfiguration section */
		1D98819D218CC2EF003A1400 /* Debug */ = {
			isa = XCBuildConfiguration;
			buildSettings = {
				ALWAYS_SEARCH_USER_PATHS = NO;
				CLANG_ANALYZER_NONNULL = YES;
				CLANG_ANALYZER_NUMBER_OBJECT_CONVERSION = YES_AGGRESSIVE;
				CLANG_CXX_LANGUAGE_STANDARD = "gnu++14";
				CLANG_CXX_LIBRARY = "libc++";
				CLANG_ENABLE_MODULES = YES;
				CLANG_ENABLE_OBJC_ARC = YES;
				CLANG_ENABLE_OBJC_WEAK = YES;
				CLANG_WARN_BLOCK_CAPTURE_AUTORELEASING = YES;
				CLANG_WARN_BOOL_CONVERSION = YES;
				CLANG_WARN_COMMA = YES;
				CLANG_WARN_CONSTANT_CONVERSION = YES;
				CLANG_WARN_DEPRECATED_OBJC_IMPLEMENTATIONS = YES;
				CLANG_WARN_DIRECT_OBJC_ISA_USAGE = YES_ERROR;
				CLANG_WARN_DOCUMENTATION_COMMENTS = YES;
				CLANG_WARN_EMPTY_BODY = YES;
				CLANG_WARN_ENUM_CONVERSION = YES;
				CLANG_WARN_INFINITE_RECURSION = YES;
				CLANG_WARN_INT_CONVERSION = YES;
				CLANG_WARN_NON_LITERAL_NULL_CONVERSION = YES;
				CLANG_WARN_OBJC_IMPLICIT_RETAIN_SELF = YES;
				CLANG_WARN_OBJC_LITERAL_CONVERSION = YES;
				CLANG_WARN_OBJC_ROOT_CLASS = YES_ERROR;
				CLANG_WARN_RANGE_LOOP_ANALYSIS = YES;
				CLANG_WARN_STRICT_PROTOTYPES = YES;
				CLANG_WARN_SUSPICIOUS_MOVE = YES;
				CLANG_WARN_UNGUARDED_AVAILABILITY = YES_AGGRESSIVE;
				CLANG_WARN_UNREACHABLE_CODE = YES;
				CLANG_WARN__DUPLICATE_METHOD_MATCH = YES;
				CODE_SIGN_IDENTITY = "iPhone Developer";
				COPY_PHASE_STRIP = NO;
				DEBUG_INFORMATION_FORMAT = dwarf;
				ENABLE_STRICT_OBJC_MSGSEND = YES;
				ENABLE_TESTABILITY = YES;
				GCC_C_LANGUAGE_STANDARD = gnu11;
				GCC_DYNAMIC_NO_PIC = NO;
				GCC_NO_COMMON_BLOCKS = YES;
				GCC_OPTIMIZATION_LEVEL = 0;
				GCC_PREPROCESSOR_DEFINITIONS = (
					"DEBUG=1",
					"$(inherited)",
				);
				GCC_WARN_64_TO_32_BIT_CONVERSION = YES;
				GCC_WARN_ABOUT_RETURN_TYPE = YES_ERROR;
				GCC_WARN_UNDECLARED_SELECTOR = YES;
				GCC_WARN_UNINITIALIZED_AUTOS = YES_AGGRESSIVE;
				GCC_WARN_UNUSED_FUNCTION = YES;
				GCC_WARN_UNUSED_VARIABLE = YES;
				IPHONEOS_DEPLOYMENT_TARGET = 12.1;
				MTL_ENABLE_DEBUG_INFO = INCLUDE_SOURCE;
				MTL_FAST_MATH = YES;
				ONLY_ACTIVE_ARCH = YES;
				SDKROOT = iphoneos;
				SWIFT_ACTIVE_COMPILATION_CONDITIONS = DEBUG;
				SWIFT_OPTIMIZATION_LEVEL = "-Onone";
			};
			name = Debug;
		};
		1D98819E218CC2EF003A1400 /* Release */ = {
			isa = XCBuildConfiguration;
			buildSettings = {
				ALWAYS_SEARCH_USER_PATHS = NO;
				CLANG_ANALYZER_NONNULL = YES;
				CLANG_ANALYZER_NUMBER_OBJECT_CONVERSION = YES_AGGRESSIVE;
				CLANG_CXX_LANGUAGE_STANDARD = "gnu++14";
				CLANG_CXX_LIBRARY = "libc++";
				CLANG_ENABLE_MODULES = YES;
				CLANG_ENABLE_OBJC_ARC = YES;
				CLANG_ENABLE_OBJC_WEAK = YES;
				CLANG_WARN_BLOCK_CAPTURE_AUTORELEASING = YES;
				CLANG_WARN_BOOL_CONVERSION = YES;
				CLANG_WARN_COMMA = YES;
				CLANG_WARN_CONSTANT_CONVERSION = YES;
				CLANG_WARN_DEPRECATED_OBJC_IMPLEMENTATIONS = YES;
				CLANG_WARN_DIRECT_OBJC_ISA_USAGE = YES_ERROR;
				CLANG_WARN_DOCUMENTATION_COMMENTS = YES;
				CLANG_WARN_EMPTY_BODY = YES;
				CLANG_WARN_ENUM_CONVERSION = YES;
				CLANG_WARN_INFINITE_RECURSION = YES;
				CLANG_WARN_INT_CONVERSION = YES;
				CLANG_WARN_NON_LITERAL_NULL_CONVERSION = YES;
				CLANG_WARN_OBJC_IMPLICIT_RETAIN_SELF = YES;
				CLANG_WARN_OBJC_LITERAL_CONVERSION = YES;
				CLANG_WARN_OBJC_ROOT_CLASS = YES_ERROR;
				CLANG_WARN_RANGE_LOOP_ANALYSIS = YES;
				CLANG_WARN_STRICT_PROTOTYPES = YES;
				CLANG_WARN_SUSPICIOUS_MOVE = YES;
				CLANG_WARN_UNGUARDED_AVAILABILITY = YES_AGGRESSIVE;
				CLANG_WARN_UNREACHABLE_CODE = YES;
				CLANG_WARN__DUPLICATE_METHOD_MATCH = YES;
				CODE_SIGN_IDENTITY = "iPhone Developer";
				COPY_PHASE_STRIP = NO;
				DEBUG_INFORMATION_FORMAT = "dwarf-with-dsym";
				ENABLE_NS_ASSERTIONS = NO;
				ENABLE_STRICT_OBJC_MSGSEND = YES;
				GCC_C_LANGUAGE_STANDARD = gnu11;
				GCC_NO_COMMON_BLOCKS = YES;
				GCC_WARN_64_TO_32_BIT_CONVERSION = YES;
				GCC_WARN_ABOUT_RETURN_TYPE = YES_ERROR;
				GCC_WARN_UNDECLARED_SELECTOR = YES;
				GCC_WARN_UNINITIALIZED_AUTOS = YES_AGGRESSIVE;
				GCC_WARN_UNUSED_FUNCTION = YES;
				GCC_WARN_UNUSED_VARIABLE = YES;
				IPHONEOS_DEPLOYMENT_TARGET = 12.1;
				MTL_ENABLE_DEBUG_INFO = NO;
				MTL_FAST_MATH = YES;
				SDKROOT = iphoneos;
				SWIFT_COMPILATION_MODE = wholemodule;
				SWIFT_OPTIMIZATION_LEVEL = "-O";
				VALIDATE_PRODUCT = YES;
			};
			name = Release;
		};
		1D9881A0218CC2EF003A1400 /* Debug */ = {
			isa = XCBuildConfiguration;
			baseConfigurationReference = 65B901CCBBC89E8C1495BBDA /* Pods-WorkoutAppSnapKit.debug.xcconfig */;
			buildSettings = {
				ASSETCATALOG_COMPILER_APPICON_NAME = AppIcon;
				CODE_SIGN_STYLE = Automatic;
				CURRENT_PROJECT_VERSION = 1;
				DEBUG_INFORMATION_FORMAT = "dwarf-with-dsym";
				FRAMEWORK_SEARCH_PATHS = (
					"$(inherited)",
					"$(PROJECT_DIR)/Carthage/Build/Mac",
					"$(PROJECT_DIR)/Carthage/Build/iOS",
				);
				INFOPLIST_FILE = WorkoutAppSnapKit/Info.plist;
				LD_RUNPATH_SEARCH_PATHS = (
					"$(inherited)",
					"@executable_path/Frameworks",
				);
				PRODUCT_BUNDLE_IDENTIFIER = Glasovac.WorkoutAppSnapKit;
				PRODUCT_NAME = "$(TARGET_NAME)";
				SWIFT_VERSION = 4.2;
				TARGETED_DEVICE_FAMILY = "1,2";
			};
			name = Debug;
		};
		1D9881A1218CC2EF003A1400 /* Release */ = {
			isa = XCBuildConfiguration;
			baseConfigurationReference = 7C7E77F840CAEDD7B1E706B3 /* Pods-WorkoutAppSnapKit.release.xcconfig */;
			buildSettings = {
				ASSETCATALOG_COMPILER_APPICON_NAME = AppIcon;
				CODE_SIGN_STYLE = Automatic;
				CURRENT_PROJECT_VERSION = 1;
				DEBUG_INFORMATION_FORMAT = "dwarf-with-dsym";
				FRAMEWORK_SEARCH_PATHS = (
					"$(inherited)",
					"$(PROJECT_DIR)/Carthage/Build/Mac",
					"$(PROJECT_DIR)/Carthage/Build/iOS",
				);
				INFOPLIST_FILE = WorkoutAppSnapKit/Info.plist;
				LD_RUNPATH_SEARCH_PATHS = (
					"$(inherited)",
					"@executable_path/Frameworks",
				);
				PRODUCT_BUNDLE_IDENTIFIER = Glasovac.WorkoutAppSnapKit;
				PRODUCT_NAME = "$(TARGET_NAME)";
				SWIFT_VERSION = 4.2;
				TARGETED_DEVICE_FAMILY = "1,2";
			};
			name = Release;
		};
/* End XCBuildConfiguration section */

/* Begin XCConfigurationList section */
		1D988188218CC2EE003A1400 /* Build configuration list for PBXProject "WorkoutAppSnapKit" */ = {
			isa = XCConfigurationList;
			buildConfigurations = (
				1D98819D218CC2EF003A1400 /* Debug */,
				1D98819E218CC2EF003A1400 /* Release */,
			);
			defaultConfigurationIsVisible = 0;
			defaultConfigurationName = Release;
		};
		1D98819F218CC2EF003A1400 /* Build configuration list for PBXNativeTarget "WorkoutAppSnapKit" */ = {
			isa = XCConfigurationList;
			buildConfigurations = (
				1D9881A0218CC2EF003A1400 /* Debug */,
				1D9881A1218CC2EF003A1400 /* Release */,
			);
			defaultConfigurationIsVisible = 0;
			defaultConfigurationName = Release;
		};
/* End XCConfigurationList section */
	};
	rootObject = 1D988185218CC2EE003A1400 /* Project object */;
}
